<?xml version="1.0" encoding="utf-8"?>
<Project ToolsVersion="4.0" xmlns="http://schemas.microsoft.com/developer/msbuild/2003">
  <ItemGroup>
    <Filter Include="Core">
      <UniqueIdentifier>{10edeae0-b581-4057-9902-66e9b6220689}</UniqueIdentifier>
    </Filter>
    <Filter Include="System">
      <UniqueIdentifier>{8c551ad7-8605-4f83-a39a-8179a34b4c37}</UniqueIdentifier>
    </Filter>
    <Filter Include="Input">
      <UniqueIdentifier>{6056e944-611a-410b-9662-19d79110bfb1}</UniqueIdentifier>
    </Filter>
    <Filter Include="DirectX">
      <UniqueIdentifier>{30b78a0b-4d3c-4ae9-ac88-498f39905e5d}</UniqueIdentifier>
    </Filter>
    <Filter Include="Shaders">
      <UniqueIdentifier>{11a6585f-46e2-407c-b96c-6a08a90aa2d0}</UniqueIdentifier>
    </Filter>
    <Filter Include="Audio">
      <UniqueIdentifier>{cbdb381b-cdde-4080-81b6-daf8bb93ee68}</UniqueIdentifier>
    </Filter>
    <Filter Include="Graphics 3D">
      <UniqueIdentifier>{3ecf048c-3ae4-4da7-88d5-03c6d49ce50d}</UniqueIdentifier>
    </Filter>
    <Filter Include="Graphics 2D">
      <UniqueIdentifier>{252474c6-593c-443e-acbb-1be032987bf3}</UniqueIdentifier>
    </Filter>
    <Filter Include="Graphics">
      <UniqueIdentifier>{e5a5a781-e59b-4a8f-8f8c-d00c15cc09d1}</UniqueIdentifier>
    </Filter>
  </ItemGroup>
  <ItemGroup>
    <ClInclude Include="Headers\CobaltBlue.h">
      <Filter>Core</Filter>
    </ClInclude>
    <ClInclude Include="Headers\CobaltBlueCore.h">
      <Filter>Core</Filter>
    </ClInclude>
    <ClInclude Include="Headers\CobaltEngine.h">
      <Filter>System</Filter>
    </ClInclude>
    <ClInclude Include="Headers\CobaltInput.h">
      <Filter>Input</Filter>
    </ClInclude>
    <ClInclude Include="Headers\InputTable.h">
      <Filter>Input</Filter>
    </ClInclude>
    <ClInclude Include="Headers\Direct3d.h">
      <Filter>DirectX</Filter>
    </ClInclude>
    <ClInclude Include="Headers\CobaltCamera.h">
      <Filter>Graphics 3D</Filter>
    </ClInclude>
    <ClInclude Include="Headers\ShaderCore.h">
      <Filter>DirectX</Filter>
    </ClInclude>
    <ClInclude Include="Headers\CobaltScene.h">
      <Filter>System</Filter>
    </ClInclude>
    <ClInclude Include="Headers\CobaltSynchronizer.h">
      <Filter>System</Filter>
    </ClInclude>
    <ClInclude Include="Headers\CobaltAudio.h">
      <Filter>Audio</Filter>
    </ClInclude>
    <ClInclude Include="Headers\CobaltCache.h">
      <Filter>System</Filter>
    </ClInclude>
    <ClInclude Include="Headers\CobaltGraphics.h">
      <Filter>Graphics</Filter>
    </ClInclude>
    <ClInclude Include="Headers\Model3d.h">
      <Filter>Graphics 3D</Filter>
    </ClInclude>
    <ClInclude Include="Headers\Model2d.h">
      <Filter>Graphics 2D</Filter>
    </ClInclude>
    <ClInclude Include="Headers\CobaltSprite.h">
      <Filter>Graphics 2D</Filter>
    </ClInclude>
    <ClInclude Include="Headers\CobaltBitmap.h">
      <Filter>Graphics 2D</Filter>
    </ClInclude>
    <ClInclude Include="Headers\CobaltTexture.h">
      <Filter>Graphics 3D</Filter>
    </ClInclude>
  </ItemGroup>
  <ItemGroup>
    <ClCompile Include="System\CobaltEngine.cpp">
      <Filter>System</Filter>
    </ClCompile>
    <ClCompile Include="Input\CobaltInput.cpp">
      <Filter>Input</Filter>
    </ClCompile>
    <ClCompile Include="DirectX\Direct3d.cpp">
      <Filter>DirectX</Filter>
    </ClCompile>
    <ClCompile Include="DirectX\ShaderCore.cpp">
      <Filter>DirectX</Filter>
    </ClCompile>
    <ClCompile Include="System\CobaltSynchronizer.cpp">
      <Filter>System</Filter>
    </ClCompile>
    <ClCompile Include="Audio\CobaltAudio.cpp">
      <Filter>Audio</Filter>
    </ClCompile>
    <ClCompile Include="System\CobaltCache.cpp">
      <Filter>System</Filter>
    </ClCompile>
    <ClCompile Include="Graphics3D\CobaltCamera.cpp">
      <Filter>Graphics 3D</Filter>
    </ClCompile>
    <ClCompile Include="Graphics\CobaltGraphics.cpp">
      <Filter>Graphics</Filter>
    </ClCompile>
    <ClCompile Include="Graphics3D\Model3d.cpp">
      <Filter>Graphics 3D</Filter>
    </ClCompile>
    <ClCompile Include="Graphics2D\CobaltSprite.cpp">
      <Filter>Graphics 2D</Filter>
    </ClCompile>
    <ClCompile Include="Graphics3D\CobaltTexture.cpp">
      <Filter>Graphics 3D</Filter>
    </ClCompile>
    <ClCompile Include="Graphics2D\CobaltBitmap.cpp">
      <Filter>Graphics 2D</Filter>
    </ClCompile>
    <ClCompile Include="Graphics2D\Model2dcpp.cpp">
      <Filter>Graphics 2D</Filter>
    </ClCompile>
  </ItemGroup>
  <ItemGroup>
    <None Include="Shaders\Render3D.ps">
      <Filter>Shaders</Filter>
    </None>
    <None Include="Shaders\Render3D.vs">
      <Filter>Shaders</Filter>
    </None>
    <None Include="Shaders\Render2D.ps">
      <Filter>Shaders</Filter>
    </None>
    <None Include="Shaders\Render2D.vs">
      <Filter>Shaders</Filter>
    </None>
  </ItemGroup>
</Project>