<?xml version="1.0" encoding="utf-8"?>
<Project ToolsVersion="4.0" xmlns="http://schemas.microsoft.com/developer/msbuild/2003">
  <ItemGroup>
    <Filter Include="Core">
      <UniqueIdentifier>{10edeae0-b581-4057-9902-66e9b6220689}</UniqueIdentifier>
    </Filter>
    <Filter Include="Graphics">
      <UniqueIdentifier>{3ecf048c-3ae4-4da7-88d5-03c6d49ce50d}</UniqueIdentifier>
    </Filter>
    <Filter Include="System">
      <UniqueIdentifier>{8c551ad7-8605-4f83-a39a-8179a34b4c37}</UniqueIdentifier>
    </Filter>
    <Filter Include="Input">
      <UniqueIdentifier>{6056e944-611a-410b-9662-19d79110bfb1}</UniqueIdentifier>
    </Filter>
    <Filter Include="DirectX">
      <UniqueIdentifier>{30b78a0b-4d3c-4ae9-ac88-498f39905e5d}</UniqueIdentifier>
    </Filter>
    <Filter Include="Shaders">
      <UniqueIdentifier>{11a6585f-46e2-407c-b96c-6a08a90aa2d0}</UniqueIdentifier>
    </Filter>
  </ItemGroup>
  <ItemGroup>
    <ClInclude Include="Headers\CobaltBlue.h">
      <Filter>Core</Filter>
    </ClInclude>
    <ClInclude Include="Headers\CobaltGraphics.h">
      <Filter>Graphics</Filter>
    </ClInclude>
    <ClInclude Include="Headers\CobaltBlueCore.h">
      <Filter>Core</Filter>
    </ClInclude>
    <ClInclude Include="Headers\CobaltEngine.h">
      <Filter>System</Filter>
    </ClInclude>
    <ClInclude Include="Headers\CobaltInput.h">
      <Filter>Input</Filter>
    </ClInclude>
    <ClInclude Include="Headers\InputTable.h">
      <Filter>Input</Filter>
    </ClInclude>
    <ClInclude Include="Headers\Direct3d.h">
      <Filter>DirectX</Filter>
    </ClInclude>
    <ClInclude Include="Headers\CobaltCamera.h">
      <Filter>Graphics</Filter>
    </ClInclude>
    <ClInclude Include="Headers\ShaderCore.h">
      <Filter>DirectX</Filter>
    </ClInclude>
    <ClInclude Include="Headers\Model3d.h">
      <Filter>DirectX</Filter>
    </ClInclude>
  </ItemGroup>
  <ItemGroup>
    <ClCompile Include="Graphics\CobaltGraphics.cpp">
      <Filter>Graphics</Filter>
    </ClCompile>
    <ClCompile Include="System\CobaltEngine.cpp">
      <Filter>System</Filter>
    </ClCompile>
    <ClCompile Include="Input\CobaltInput.cpp">
      <Filter>Input</Filter>
    </ClCompile>
    <ClCompile Include="DirectX\Direct3d.cpp">
      <Filter>DirectX</Filter>
    </ClCompile>
    <ClCompile Include="Graphics\CobaltCamera.cpp">
      <Filter>Graphics</Filter>
    </ClCompile>
    <ClCompile Include="DirectX\ShaderCore.cpp">
      <Filter>DirectX</Filter>
    </ClCompile>
    <ClCompile Include="DirectX\Model3d.cpp">
      <Filter>DirectX</Filter>
    </ClCompile>
  </ItemGroup>
  <ItemGroup>
    <None Include="Shaders\Color.ps">
      <Filter>Shaders</Filter>
    </None>
    <None Include="Shaders\Color.vs">
      <Filter>Shaders</Filter>
    </None>
  </ItemGroup>
</Project>